
Microsoft Visual Studio Solution File, Format Version 12.00
# Visual Studio Version 17
VisualStudioVersion = 17.7.33906.173
MinimumVisualStudioVersion = 10.0.40219.1
Project("{FAE04EC0-301F-11D3-BF4B-00C04F79EFBC}") = "BookWeb", "BookWeb\BookWeb.csproj", "{0F4AB941-5DE5-4845-8427-493729ECC52C}"
EndProject
Global
	GlobalSection(SolutionConfigurationPlatforms) = preSolution
		Debug|Any CPU = Debug|Any CPU
		Release|Any CPU = Release|Any CPU
	EndGlobalSection
	GlobalSection(ProjectConfigurationPlatforms) = postSolution
		{0F4AB941-5DE5-4845-8427-493729ECC52C}.Debug|Any CPU.ActiveCfg = Debug|Any CPU
		{0F4AB941-5DE5-4845-8427-493729ECC52C}.Debug|Any CPU.Build.0 = Debug|Any CPU
		{0F4AB941-5DE5-4845-8427-493729ECC52C}.Release|Any CPU.ActiveCfg = Release|Any CPU
		{0F4AB941-5DE5-4845-8427-493729ECC52C}.Release|Any CPU.Build.0 = Release|Any CPU
	EndGlobalSection
	GlobalSection(SolutionProperties) = preSolution
		HideSolutionNode = FALSE
	EndGlobalSection
	GlobalSection(ExtensibilityGlobals) = postSolution
		SolutionGuid = {400C6677-17D4-42CF-A8EB-E05B62CF81B1}
	EndGlobalSection
EndGlobal
